// !$*UTF8*$!
{
	archiveVersion = 1;
	classes = {
	};
	objectVersion = 55;
	objects = {

/* Begin PBXBuildFile section */
		D8061F7C28100FCF00EB755B /* suretiApp.swift in Sources */ = {isa = PBXBuildFile; fileRef = D8061F7B28100FCF00EB755B /* suretiApp.swift */; };
		D8061F7E28100FCF00EB755B /* ContentView.swift in Sources */ = {isa = PBXBuildFile; fileRef = D8061F7D28100FCF00EB755B /* ContentView.swift */; };
		D8061F8028100FCF00EB755B /* Assets.xcassets in Resources */ = {isa = PBXBuildFile; fileRef = D8061F7F28100FCF00EB755B /* Assets.xcassets */; };
		D8061F8328100FCF00EB755B /* Preview Assets.xcassets in Resources */ = {isa = PBXBuildFile; fileRef = D8061F8228100FCF00EB755B /* Preview Assets.xcassets */; };
		D8061F8A2810121600EB755B /* Splash_Screen.swift in Sources */ = {isa = PBXBuildFile; fileRef = D8061F892810121600EB755B /* Splash_Screen.swift */; };
		D8061F8E28101D9A00EB755B /* Extensions.swift in Sources */ = {isa = PBXBuildFile; fileRef = D8061F8D28101D9A00EB755B /* Extensions.swift */; };
		D8061F9028101DDC00EB755B /* Overlay.swift in Sources */ = {isa = PBXBuildFile; fileRef = D8061F8F28101DDC00EB755B /* Overlay.swift */; };
		D8061F9228101EB000EB755B /* SignIn_Screen.swift in Sources */ = {isa = PBXBuildFile; fileRef = D8061F9128101EB000EB755B /* SignIn_Screen.swift */; };
		D8061F94281020B800EB755B /* FloatingTextField.swift in Sources */ = {isa = PBXBuildFile; fileRef = D8061F93281020B800EB755B /* FloatingTextField.swift */; };
		D8061F99281023C400EB755B /* Product Sans Bold.ttf in Resources */ = {isa = PBXBuildFile; fileRef = D8061F972810222B00EB755B /* Product Sans Bold.ttf */; };
		D8061F9A281023C700EB755B /* Product Sans Regular.ttf in Resources */ = {isa = PBXBuildFile; fileRef = D8061F962810222B00EB755B /* Product Sans Regular.ttf */; };
		D8061F9C2810258B00EB755B /* Custom_Button.swift in Sources */ = {isa = PBXBuildFile; fileRef = D8061F9B2810258B00EB755B /* Custom_Button.swift */; };
		D8061F9E28102A3800EB755B /* SignUp_Screen.swift in Sources */ = {isa = PBXBuildFile; fileRef = D8061F9D28102A3800EB755B /* SignUp_Screen.swift */; };
/* End PBXBuildFile section */

/* Begin PBXFileReference section */
		D8061F7828100FCF00EB755B /* sureti.app */ = {isa = PBXFileReference; explicitFileType = wrapper.application; includeInIndex = 0; path = sureti.app; sourceTree = BUILT_PRODUCTS_DIR; };
		D8061F7B28100FCF00EB755B /* suretiApp.swift */ = {isa = PBXFileReference; lastKnownFileType = sourcecode.swift; path = suretiApp.swift; sourceTree = "<group>"; };
		D8061F7D28100FCF00EB755B /* ContentView.swift */ = {isa = PBXFileReference; lastKnownFileType = sourcecode.swift; path = ContentView.swift; sourceTree = "<group>"; };
		D8061F7F28100FCF00EB755B /* Assets.xcassets */ = {isa = PBXFileReference; lastKnownFileType = folder.assetcatalog; path = Assets.xcassets; sourceTree = "<group>"; };
		D8061F8228100FCF00EB755B /* Preview Assets.xcassets */ = {isa = PBXFileReference; lastKnownFileType = folder.assetcatalog; path = "Preview Assets.xcassets"; sourceTree = "<group>"; };
		D8061F892810121600EB755B /* Splash_Screen.swift */ = {isa = PBXFileReference; lastKnownFileType = sourcecode.swift; path = Splash_Screen.swift; sourceTree = "<group>"; };
		D8061F8D28101D9A00EB755B /* Extensions.swift */ = {isa = PBXFileReference; lastKnownFileType = sourcecode.swift; path = Extensions.swift; sourceTree = "<group>"; };
		D8061F8F28101DDC00EB755B /* Overlay.swift */ = {isa = PBXFileReference; lastKnownFileType = sourcecode.swift; path = Overlay.swift; sourceTree = "<group>"; };
		D8061F9128101EB000EB755B /* SignIn_Screen.swift */ = {isa = PBXFileReference; lastKnownFileType = sourcecode.swift; path = SignIn_Screen.swift; sourceTree = "<group>"; };
		D8061F93281020B800EB755B /* FloatingTextField.swift */ = {isa = PBXFileReference; lastKnownFileType = sourcecode.swift; path = FloatingTextField.swift; sourceTree = "<group>"; };
		D8061F962810222B00EB755B /* Product Sans Regular.ttf */ = {isa = PBXFileReference; lastKnownFileType = file; path = "Product Sans Regular.ttf"; sourceTree = "<group>"; };
		D8061F972810222B00EB755B /* Product Sans Bold.ttf */ = {isa = PBXFileReference; lastKnownFileType = file; path = "Product Sans Bold.ttf"; sourceTree = "<group>"; };
		D8061F98281023B000EB755B /* Info.plist */ = {isa = PBXFileReference; lastKnownFileType = text.plist; path = Info.plist; sourceTree = "<group>"; };
		D8061F9B2810258B00EB755B /* Custom_Button.swift */ = {isa = PBXFileReference; lastKnownFileType = sourcecode.swift; path = Custom_Button.swift; sourceTree = "<group>"; };
		D8061F9D28102A3800EB755B /* SignUp_Screen.swift */ = {isa = PBXFileReference; lastKnownFileType = sourcecode.swift; path = SignUp_Screen.swift; sourceTree = "<group>"; };
/* End PBXFileReference section */

/* Begin PBXFrameworksBuildPhase section */
		D8061F7528100FCF00EB755B /* Frameworks */ = {
			isa = PBXFrameworksBuildPhase;
			buildActionMask = 2147483647;
			files = (
			);
			runOnlyForDeploymentPostprocessing = 0;
		};
/* End PBXFrameworksBuildPhase section */

/* Begin PBXGroup section */
		D8061F6F28100FCF00EB755B = {
			isa = PBXGroup;
			children = (
				D8061F7A28100FCF00EB755B /* sureti */,
				D8061F7928100FCF00EB755B /* Products */,
			);
			sourceTree = "<group>";
		};
		D8061F7928100FCF00EB755B /* Products */ = {
			isa = PBXGroup;
			children = (
				D8061F7828100FCF00EB755B /* sureti.app */,
			);
			name = Products;
			sourceTree = "<group>";
		};
		D8061F7A28100FCF00EB755B /* sureti */ = {
			isa = PBXGroup;
			children = (
				D8061F98281023B000EB755B /* Info.plist */,
				D8061F952810221300EB755B /* Fonts */,
				D8061F8B28101D6800EB755B /* Screens */,
				D8061F7B28100FCF00EB755B /* suretiApp.swift */,
				D8061F7D28100FCF00EB755B /* ContentView.swift */,
				D8061F7F28100FCF00EB755B /* Assets.xcassets */,
				D8061F8C28101D7100EB755B /* Extensions */,
				D8061F8128100FCF00EB755B /* Preview Content */,
			);
			path = sureti;
			sourceTree = "<group>";
		};
		D8061F8128100FCF00EB755B /* Preview Content */ = {
			isa = PBXGroup;
			children = (
				D8061F8228100FCF00EB755B /* Preview Assets.xcassets */,
			);
			path = "Preview Content";
			sourceTree = "<group>";
		};
		D8061F8B28101D6800EB755B /* Screens */ = {
			isa = PBXGroup;
			children = (
				D8061F892810121600EB755B /* Splash_Screen.swift */,
				D8061F9128101EB000EB755B /* SignIn_Screen.swift */,
				D8061F9D28102A3800EB755B /* SignUp_Screen.swift */,
			);
			path = Screens;
			sourceTree = "<group>";
		};
		D8061F8C28101D7100EB755B /* Extensions */ = {
			isa = PBXGroup;
			children = (
				D8061F8F28101DDC00EB755B /* Overlay.swift */,
				D8061F8D28101D9A00EB755B /* Extensions.swift */,
				D8061F93281020B800EB755B /* FloatingTextField.swift */,
				D8061F9B2810258B00EB755B /* Custom_Button.swift */,
			);
			path = Extensions;
			sourceTree = "<group>";
		};
		D8061F952810221300EB755B /* Fonts */ = {
			isa = PBXGroup;
			children = (
				D8061F972810222B00EB755B /* Product Sans Bold.ttf */,
				D8061F962810222B00EB755B /* Product Sans Regular.ttf */,
			);
			path = Fonts;
			sourceTree = "<group>";
		};
/* End PBXGroup section */

/* Begin PBXNativeTarget section */
		D8061F7728100FCF00EB755B /* sureti */ = {
			isa = PBXNativeTarget;
			buildConfigurationList = D8061F8628100FCF00EB755B /* Build configuration list for PBXNativeTarget "sureti" */;
			buildPhases = (
				D8061F7428100FCF00EB755B /* Sources */,
				D8061F7528100FCF00EB755B /* Frameworks */,
				D8061F7628100FCF00EB755B /* Resources */,
			);
			buildRules = (
			);
			dependencies = (
			);
			name = sureti;
			productName = sureti;
			productReference = D8061F7828100FCF00EB755B /* sureti.app */;
			productType = "com.apple.product-type.application";
		};
/* End PBXNativeTarget section */

/* Begin PBXProject section */
		D8061F7028100FCF00EB755B /* Project object */ = {
			isa = PBXProject;
			attributes = {
				BuildIndependentTargetsInParallel = 1;
				LastSwiftUpdateCheck = 1300;
				LastUpgradeCheck = 1300;
				TargetAttributes = {
					D8061F7728100FCF00EB755B = {
						CreatedOnToolsVersion = 13.0;
					};
				};
			};
			buildConfigurationList = D8061F7328100FCF00EB755B /* Build configuration list for PBXProject "sureti" */;
			compatibilityVersion = "Xcode 13.0";
			developmentRegion = en;
			hasScannedForEncodings = 0;
			knownRegions = (
				en,
				Base,
			);
			mainGroup = D8061F6F28100FCF00EB755B;
			productRefGroup = D8061F7928100FCF00EB755B /* Products */;
			projectDirPath = "";
			projectRoot = "";
			targets = (
				D8061F7728100FCF00EB755B /* sureti */,
			);
		};
/* End PBXProject section */

/* Begin PBXResourcesBuildPhase section */
		D8061F7628100FCF00EB755B /* Resources */ = {
			isa = PBXResourcesBuildPhase;
			buildActionMask = 2147483647;
			files = (
				D8061F9A281023C700EB755B /* Product Sans Regular.ttf in Resources */,
				D8061F8328100FCF00EB755B /* Preview Assets.xcassets in Resources */,
				D8061F8028100FCF00EB755B /* Assets.xcassets in Resources */,
				D8061F99281023C400EB755B /* Product Sans Bold.ttf in Resources */,
			);
			runOnlyForDeploymentPostprocessing = 0;
		};
/* End PBXResourcesBuildPhase section */

/* Begin PBXSourcesBuildPhase section */
		D8061F7428100FCF00EB755B /* Sources */ = {
			isa = PBXSourcesBuildPhase;
			buildActionMask = 2147483647;
			files = (
				D8061F7E28100FCF00EB755B /* ContentView.swift in Sources */,
				D8061F9E28102A3800EB755B /* SignUp_Screen.swift in Sources */,
				D8061F9228101EB000EB755B /* SignIn_Screen.swift in Sources */,
				D8061F8A2810121600EB755B /* Splash_Screen.swift in Sources */,
				D8061F9028101DDC00EB755B /* Overlay.swift in Sources */,
				D8061F9C2810258B00EB755B /* Custom_Button.swift in Sources */,
				D8061F94281020B800EB755B /* FloatingTextField.swift in Sources */,
				D8061F7C28100FCF00EB755B /* suretiApp.swift in Sources */,
				D8061F8E28101D9A00EB755B /* Extensions.swift in Sources */,
			);
			runOnlyForDeploymentPostprocessing = 0;
		};
/* End PBXSourcesBuildPhase section */

/* Begin XCBuildConfiguration section */
		D8061F8428100FCF00EB755B /* Debug */ = {
			isa = XCBuildConfiguration;
			buildSettings = {
				ALWAYS_SEARCH_USER_PATHS = NO;
				CLANG_ANALYZER_NONNULL = YES;
				CLANG_ANALYZER_NUMBER_OBJECT_CONVERSION = YES_AGGRESSIVE;
				CLANG_CXX_LANGUAGE_STANDARD = "gnu++17";
				CLANG_CXX_LIBRARY = "libc++";
				CLANG_ENABLE_MODULES = YES;
				CLANG_ENABLE_OBJC_ARC = YES;
				CLANG_ENABLE_OBJC_WEAK = YES;
				CLANG_WARN_BLOCK_CAPTURE_AUTORELEASING = YES;
				CLANG_WARN_BOOL_CONVERSION = YES;
				CLANG_WARN_COMMA = YES;
				CLANG_WARN_CONSTANT_CONVERSION = YES;
				CLANG_WARN_DEPRECATED_OBJC_IMPLEMENTATIONS = YES;
				CLANG_WARN_DIRECT_OBJC_ISA_USAGE = YES_ERROR;
				CLANG_WARN_DOCUMENTATION_COMMENTS = YES;
				CLANG_WARN_EMPTY_BODY = YES;
				CLANG_WARN_ENUM_CONVERSION = YES;
				CLANG_WARN_INFINITE_RECURSION = YES;
				CLANG_WARN_INT_CONVERSION = YES;
				CLANG_WARN_NON_LITERAL_NULL_CONVERSION = YES;
				CLANG_WARN_OBJC_IMPLICIT_RETAIN_SELF = YES;
				CLANG_WARN_OBJC_LITERAL_CONVERSION = YES;
				CLANG_WARN_OBJC_ROOT_CLASS = YES_ERROR;
				CLANG_WARN_QUOTED_INCLUDE_IN_FRAMEWORK_HEADER = YES;
				CLANG_WARN_RANGE_LOOP_ANALYSIS = YES;
				CLANG_WARN_STRICT_PROTOTYPES = YES;
				CLANG_WARN_SUSPICIOUS_MOVE = YES;
				CLANG_WARN_UNGUARDED_AVAILABILITY = YES_AGGRESSIVE;
				CLANG_WARN_UNREACHABLE_CODE = YES;
				CLANG_WARN__DUPLICATE_METHOD_MATCH = YES;
				COPY_PHASE_STRIP = NO;
				DEBUG_INFORMATION_FORMAT = dwarf;
				ENABLE_STRICT_OBJC_MSGSEND = YES;
				ENABLE_TESTABILITY = YES;
				GCC_C_LANGUAGE_STANDARD = gnu11;
				GCC_DYNAMIC_NO_PIC = NO;
				GCC_NO_COMMON_BLOCKS = YES;
				GCC_OPTIMIZATION_LEVEL = 0;
				GCC_PREPROCESSOR_DEFINITIONS = (
					"DEBUG=1",
					"$(inherited)",
				);
				GCC_WARN_64_TO_32_BIT_CONVERSION = YES;
				GCC_WARN_ABOUT_RETURN_TYPE = YES_ERROR;
				GCC_WARN_UNDECLARED_SELECTOR = YES;
				GCC_WARN_UNINITIALIZED_AUTOS = YES_AGGRESSIVE;
				GCC_WARN_UNUSED_FUNCTION = YES;
				GCC_WARN_UNUSED_VARIABLE = YES;
				IPHONEOS_DEPLOYMENT_TARGET = 15.0;
				MTL_ENABLE_DEBUG_INFO = INCLUDE_SOURCE;
				MTL_FAST_MATH = YES;
				ONLY_ACTIVE_ARCH = YES;
				SDKROOT = iphoneos;
				SWIFT_ACTIVE_COMPILATION_CONDITIONS = DEBUG;
				SWIFT_OPTIMIZATION_LEVEL = "-Onone";
			};
			name = Debug;
		};
		D8061F8528100FCF00EB755B /* Release */ = {
			isa = XCBuildConfiguration;
			buildSettings = {
				ALWAYS_SEARCH_USER_PATHS = NO;
				CLANG_ANALYZER_NONNULL = YES;
				CLANG_ANALYZER_NUMBER_OBJECT_CONVERSION = YES_AGGRESSIVE;
				CLANG_CXX_LANGUAGE_STANDARD = "gnu++17";
				CLANG_CXX_LIBRARY = "libc++";
				CLANG_ENABLE_MODULES = YES;
				CLANG_ENABLE_OBJC_ARC = YES;
				CLANG_ENABLE_OBJC_WEAK = YES;
				CLANG_WARN_BLOCK_CAPTURE_AUTORELEASING = YES;
				CLANG_WARN_BOOL_CONVERSION = YES;
				CLANG_WARN_COMMA = YES;
				CLANG_WARN_CONSTANT_CONVERSION = YES;
				CLANG_WARN_DEPRECATED_OBJC_IMPLEMENTATIONS = YES;
				CLANG_WARN_DIRECT_OBJC_ISA_USAGE = YES_ERROR;
				CLANG_WARN_DOCUMENTATION_COMMENTS = YES;
				CLANG_WARN_EMPTY_BODY = YES;
				CLANG_WARN_ENUM_CONVERSION = YES;
				CLANG_WARN_INFINITE_RECURSION = YES;
				CLANG_WARN_INT_CONVERSION = YES;
				CLANG_WARN_NON_LITERAL_NULL_CONVERSION = YES;
				CLANG_WARN_OBJC_IMPLICIT_RETAIN_SELF = YES;
				CLANG_WARN_OBJC_LITERAL_CONVERSION = YES;
				CLANG_WARN_OBJC_ROOT_CLASS = YES_ERROR;
				CLANG_WARN_QUOTED_INCLUDE_IN_FRAMEWORK_HEADER = YES;
				CLANG_WARN_RANGE_LOOP_ANALYSIS = YES;
				CLANG_WARN_STRICT_PROTOTYPES = YES;
				CLANG_WARN_SUSPICIOUS_MOVE = YES;
				CLANG_WARN_UNGUARDED_AVAILABILITY = YES_AGGRESSIVE;
				CLANG_WARN_UNREACHABLE_CODE = YES;
				CLANG_WARN__DUPLICATE_METHOD_MATCH = YES;
				COPY_PHASE_STRIP = NO;
				DEBUG_INFORMATION_FORMAT = "dwarf-with-dsym";
				ENABLE_NS_ASSERTIONS = NO;
				ENABLE_STRICT_OBJC_MSGSEND = YES;
				GCC_C_LANGUAGE_STANDARD = gnu11;
				GCC_NO_COMMON_BLOCKS = YES;
				GCC_WARN_64_TO_32_BIT_CONVERSION = YES;
				GCC_WARN_ABOUT_RETURN_TYPE = YES_ERROR;
				GCC_WARN_UNDECLARED_SELECTOR = YES;
				GCC_WARN_UNINITIALIZED_AUTOS = YES_AGGRESSIVE;
				GCC_WARN_UNUSED_FUNCTION = YES;
				GCC_WARN_UNUSED_VARIABLE = YES;
				IPHONEOS_DEPLOYMENT_TARGET = 15.0;
				MTL_ENABLE_DEBUG_INFO = NO;
				MTL_FAST_MATH = YES;
				SDKROOT = iphoneos;
				SWIFT_COMPILATION_MODE = wholemodule;
				SWIFT_OPTIMIZATION_LEVEL = "-O";
				VALIDATE_PRODUCT = YES;
			};
			name = Release;
		};
		D8061F8728100FCF00EB755B /* Debug */ = {
			isa = XCBuildConfiguration;
			buildSettings = {
				ASSETCATALOG_COMPILER_APPICON_NAME = AppIcon;
				ASSETCATALOG_COMPILER_GLOBAL_ACCENT_COLOR_NAME = AccentColor;
				CODE_SIGN_STYLE = Automatic;
				CURRENT_PROJECT_VERSION = 1;
				DEVELOPMENT_ASSET_PATHS = "\"sureti/Preview Content\"";
				DEVELOPMENT_TEAM = 4ZM2XLD4MX;
				ENABLE_PREVIEWS = YES;
				GENERATE_INFOPLIST_FILE = YES;
				INFOPLIST_FILE = sureti/Info.plist;
				INFOPLIST_KEY_UIApplicationSceneManifest_Generation = YES;
				INFOPLIST_KEY_UIApplicationSupportsIndirectInputEvents = YES;
				INFOPLIST_KEY_UILaunchScreen_Generation = YES;
				INFOPLIST_KEY_UISupportedInterfaceOrientations_iPad = "UIInterfaceOrientationPortrait UIInterfaceOrientationPortraitUpsideDown UIInterfaceOrientationLandscapeLeft UIInterfaceOrientationLandscapeRight";
				INFOPLIST_KEY_UISupportedInterfaceOrientations_iPhone = "UIInterfaceOrientationPortrait UIInterfaceOrientationLandscapeLeft UIInterfaceOrientationLandscapeRight";
				IPHONEOS_DEPLOYMENT_TARGET = 14.0;
				LD_RUNPATH_SEARCH_PATHS = (
					"$(inherited)",
					"@executable_path/Frameworks",
				);
				MARKETING_VERSION = 1.0;
				PRODUCT_BUNDLE_IDENTIFIER = com.Scorpio.sureti;
				PRODUCT_NAME = "$(TARGET_NAME)";
				SWIFT_EMIT_LOC_STRINGS = YES;
				SWIFT_VERSION = 5.0;
				TARGETED_DEVICE_FAMILY = "1,2";
			};
			name = Debug;
		};
		D8061F8828100FCF00EB755B /* Release */ = {
			isa = XCBuildConfiguration;
			buildSettings = {
				ASSETCATALOG_COMPILER_APPICON_NAME = AppIcon;
				ASSETCATALOG_COMPILER_GLOBAL_ACCENT_COLOR_NAME = AccentColor;
				CODE_SIGN_STYLE = Automatic;
				CURRENT_PROJECT_VERSION = 1;
				DEVELOPMENT_ASSET_PATHS = "\"sureti/Preview Content\"";
				DEVELOPMENT_TEAM = 4ZM2XLD4MX;
				ENABLE_PREVIEWS = YES;
				GENERATE_INFOPLIST_FILE = YES;
				INFOPLIST_FILE = sureti/Info.plist;
				INFOPLIST_KEY_UIApplicationSceneManifest_Generation = YES;
				INFOPLIST_KEY_UIApplicationSupportsIndirectInputEvents = YES;
				INFOPLIST_KEY_UILaunchScreen_Generation = YES;
				INFOPLIST_KEY_UISupportedInterfaceOrientations_iPad = "UIInterfaceOrientationPortrait UIInterfaceOrientationPortraitUpsideDown UIInterfaceOrientationLandscapeLeft UIInterfaceOrientationLandscapeRight";
				INFOPLIST_KEY_UISupportedInterfaceOrientations_iPhone = "UIInterfaceOrientationPortrait UIInterfaceOrientationLandscapeLeft UIInterfaceOrientationLandscapeRight";
				IPHONEOS_DEPLOYMENT_TARGET = 14.0;
				LD_RUNPATH_SEARCH_PATHS = (
					"$(inherited)",
					"@executable_path/Frameworks",
				);
				MARKETING_VERSION = 1.0;
				PRODUCT_BUNDLE_IDENTIFIER = com.Scorpio.sureti;
				PRODUCT_NAME = "$(TARGET_NAME)";
				SWIFT_EMIT_LOC_STRINGS = YES;
				SWIFT_VERSION = 5.0;
				TARGETED_DEVICE_FAMILY = "1,2";
			};
			name = Release;
		};
/* End XCBuildConfiguration section */

/* Begin XCConfigurationList section */
		D8061F7328100FCF00EB755B /* Build configuration list for PBXProject "sureti" */ = {
			isa = XCConfigurationList;
			buildConfigurations = (
				D8061F8428100FCF00EB755B /* Debug */,
				D8061F8528100FCF00EB755B /* Release */,
			);
			defaultConfigurationIsVisible = 0;
			defaultConfigurationName = Release;
		};
		D8061F8628100FCF00EB755B /* Build configuration list for PBXNativeTarget "sureti" */ = {
			isa = XCConfigurationList;
			buildConfigurations = (
				D8061F8728100FCF00EB755B /* Debug */,
				D8061F8828100FCF00EB755B /* Release */,
			);
			defaultConfigurationIsVisible = 0;
			defaultConfigurationName = Release;
		};
/* End XCConfigurationList section */
	};
	rootObject = D8061F7028100FCF00EB755B /* Project object */;
}
